
Microsoft Visual Studio Solution File, Format Version 12.00
# Visual Studio Version 17
VisualStudioVersion = 17.1.32328.378
MinimumVisualStudioVersion = 10.0.40219.1
Project("{FAE04EC0-301F-11D3-BF4B-00C04F79EFBC}") = "Day5_Problem_Solutions", "Day5_Problem_Solutions.csproj", "{A449D784-423F-447E-87CD-8BF4B4BEBAD2}"
EndProject
Global
	GlobalSection(SolutionConfigurationPlatforms) = preSolution
		Debug|Any CPU = Debug|Any CPU
		Release|Any CPU = Release|Any CPU
	EndGlobalSection
	GlobalSection(ProjectConfigurationPlatforms) = postSolution
		{A449D784-423F-447E-87CD-8BF4B4BEBAD2}.Debug|Any CPU.ActiveCfg = Debug|Any CPU
		{A449D784-423F-447E-87CD-8BF4B4BEBAD2}.Debug|Any CPU.Build.0 = Debug|Any CPU
		{A449D784-423F-447E-87CD-8BF4B4BEBAD2}.Release|Any CPU.ActiveCfg = Release|Any CPU
		{A449D784-423F-447E-87CD-8BF4B4BEBAD2}.Release|Any CPU.Build.0 = Release|Any CPU
	EndGlobalSection
	GlobalSection(SolutionProperties) = preSolution
		HideSolutionNode = FALSE
	EndGlobalSection
	GlobalSection(ExtensibilityGlobals) = postSolution
		SolutionGuid = {D868EEAC-C491-43D1-BD21-649568F3920D}
	EndGlobalSection
EndGlobal
